
Microsoft Visual Studio Solution File, Format Version 12.00
# Visual Studio Version 17
VisualStudioVersion = 17.8.34408.163
MinimumVisualStudioVersion = 10.0.40219.1
Project("{9A19103F-16F7-4668-BE54-9A1E7A4F7556}") = "MyWebApi", "MyWebApi.csproj", "{CFDC8E11-2EB1-4611-8465-EA1A441F58BA}"
EndProject
Project("{9A19103F-16F7-4668-BE54-9A1E7A4F7556}") = "LibraryForPractik", "..\LibraryForPractik\LibraryForPractik.csproj", "{1E11D582-6AA5-47DE-BAEA-4C87B107ED67}"
EndProject
Global
	GlobalSection(SolutionConfigurationPlatforms) = preSolution
		Debug|Any CPU = Debug|Any CPU
		Release|Any CPU = Release|Any CPU
	EndGlobalSection
	GlobalSection(ProjectConfigurationPlatforms) = postSolution
		{CFDC8E11-2EB1-4611-8465-EA1A441F58BA}.Debug|Any CPU.ActiveCfg = Debug|Any CPU
		{CFDC8E11-2EB1-4611-8465-EA1A441F58BA}.Debug|Any CPU.Build.0 = Debug|Any CPU
		{CFDC8E11-2EB1-4611-8465-EA1A441F58BA}.Release|Any CPU.ActiveCfg = Release|Any CPU
		{CFDC8E11-2EB1-4611-8465-EA1A441F58BA}.Release|Any CPU.Build.0 = Release|Any CPU
		{1E11D582-6AA5-47DE-BAEA-4C87B107ED67}.Debug|Any CPU.ActiveCfg = Debug|Any CPU
		{1E11D582-6AA5-47DE-BAEA-4C87B107ED67}.Debug|Any CPU.Build.0 = Debug|Any CPU
		{1E11D582-6AA5-47DE-BAEA-4C87B107ED67}.Release|Any CPU.ActiveCfg = Release|Any CPU
		{1E11D582-6AA5-47DE-BAEA-4C87B107ED67}.Release|Any CPU.Build.0 = Release|Any CPU
	EndGlobalSection
	GlobalSection(SolutionProperties) = preSolution
		HideSolutionNode = FALSE
	EndGlobalSection
	GlobalSection(ExtensibilityGlobals) = postSolution
		SolutionGuid = {5998E5A7-A12C-4D15-870E-EA2511317C56}
	EndGlobalSection
EndGlobal
